// !$*UTF8*$!
{
	archiveVersion = 1;
	classes = {
	};
	objectVersion = 50;
	objects = {

/* Begin PBXBuildFile section */
		DC557A6A237806EC0035CD76 /* Recipe.xml in Resources */ = {isa = PBXBuildFile; fileRef = DC557A69237806EC0035CD76 /* Recipe.xml */; };
		DC557A6E237811460035CD76 /* DetailVC.swift in Sources */ = {isa = PBXBuildFile; fileRef = DC557A6D237811460035CD76 /* DetailVC.swift */; };
		DC557A70237812680035CD76 /* DetailView.xib in Resources */ = {isa = PBXBuildFile; fileRef = DC557A6F237812680035CD76 /* DetailView.xib */; };
		DC557A72237812DC0035CD76 /* DetailView.swift in Sources */ = {isa = PBXBuildFile; fileRef = DC557A71237812DC0035CD76 /* DetailView.swift */; };
		DC557A7A23781CA90035CD76 /* Global.m in Sources */ = {isa = PBXBuildFile; fileRef = DC557A7923781CA90035CD76 /* Global.m */; };
		DC6DC54023767EA600C6BE40 /* AppDelegate.swift in Sources */ = {isa = PBXBuildFile; fileRef = DC6DC53F23767EA600C6BE40 /* AppDelegate.swift */; };
		DC6DC54523767EA600C6BE40 /* Main.storyboard in Resources */ = {isa = PBXBuildFile; fileRef = DC6DC54323767EA600C6BE40 /* Main.storyboard */; };
		DC6DC54A23767EA800C6BE40 /* LaunchScreen.storyboard in Resources */ = {isa = PBXBuildFile; fileRef = DC6DC54823767EA800C6BE40 /* LaunchScreen.storyboard */; };
		DC6DC55523767EA800C6BE40 /* FoodAppTests.swift in Sources */ = {isa = PBXBuildFile; fileRef = DC6DC55423767EA800C6BE40 /* FoodAppTests.swift */; };
		DC6DC56023767EA800C6BE40 /* FoodAppUITests.swift in Sources */ = {isa = PBXBuildFile; fileRef = DC6DC55F23767EA800C6BE40 /* FoodAppUITests.swift */; };
		DC6DC5702376836200C6BE40 /* Food.swift in Sources */ = {isa = PBXBuildFile; fileRef = DC6DC56F2376836200C6BE40 /* Food.swift */; };
		DC6DC5722376867B00C6BE40 /* FoodTableVC.swift in Sources */ = {isa = PBXBuildFile; fileRef = DC6DC5712376867B00C6BE40 /* FoodTableVC.swift */; };
		DC6DC57423768ADF00C6BE40 /* Assets.xcassets in Resources */ = {isa = PBXBuildFile; fileRef = DC6DC57323768ADE00C6BE40 /* Assets.xcassets */; };
		DC6DC57623768CF800C6BE40 /* FoodTableCell.swift in Sources */ = {isa = PBXBuildFile; fileRef = DC6DC57523768CF800C6BE40 /* FoodTableCell.swift */; };
		DC7620D323812D36008C2566 /* DetailDescView.xib in Resources */ = {isa = PBXBuildFile; fileRef = DC7620D223812D36008C2566 /* DetailDescView.xib */; };
		DC7620D523812D57008C2566 /* DetailDescView.swift in Sources */ = {isa = PBXBuildFile; fileRef = DC7620D423812D57008C2566 /* DetailDescView.swift */; };
		DCD02F2B2382519500BF8D2F /* recipe.json in Resources */ = {isa = PBXBuildFile; fileRef = DCD02F2A2382519500BF8D2F /* recipe.json */; };
		DCD02F2D238252B800BF8D2F /* Data.swift in Sources */ = {isa = PBXBuildFile; fileRef = DCD02F2C238252B800BF8D2F /* Data.swift */; };
/* End PBXBuildFile section */

/* Begin PBXContainerItemProxy section */
		DC6DC55123767EA800C6BE40 /* PBXContainerItemProxy */ = {
			isa = PBXContainerItemProxy;
			containerPortal = DC6DC53423767EA600C6BE40 /* Project object */;
			proxyType = 1;
			remoteGlobalIDString = DC6DC53B23767EA600C6BE40;
			remoteInfo = FoodApp;
		};
		DC6DC55C23767EA800C6BE40 /* PBXContainerItemProxy */ = {
			isa = PBXContainerItemProxy;
			containerPortal = DC6DC53423767EA600C6BE40 /* Project object */;
			proxyType = 1;
			remoteGlobalIDString = DC6DC53B23767EA600C6BE40;
			remoteInfo = FoodApp;
		};
/* End PBXContainerItemProxy section */

/* Begin PBXFileReference section */
		DC557A69237806EC0035CD76 /* Recipe.xml */ = {isa = PBXFileReference; lastKnownFileType = text.xml; path = Recipe.xml; sourceTree = "<group>"; };
		DC557A6D237811460035CD76 /* DetailVC.swift */ = {isa = PBXFileReference; lastKnownFileType = sourcecode.swift; path = DetailVC.swift; sourceTree = "<group>"; };
		DC557A6F237812680035CD76 /* DetailView.xib */ = {isa = PBXFileReference; lastKnownFileType = file.xib; path = DetailView.xib; sourceTree = "<group>"; };
		DC557A71237812DC0035CD76 /* DetailView.swift */ = {isa = PBXFileReference; lastKnownFileType = sourcecode.swift; path = DetailView.swift; sourceTree = "<group>"; };
		DC557A7723781CA90035CD76 /* FoodApp-Bridging-Header.h */ = {isa = PBXFileReference; lastKnownFileType = sourcecode.c.h; path = "FoodApp-Bridging-Header.h"; sourceTree = "<group>"; };
		DC557A7823781CA90035CD76 /* Global.h */ = {isa = PBXFileReference; lastKnownFileType = sourcecode.c.h; path = Global.h; sourceTree = "<group>"; };
		DC557A7923781CA90035CD76 /* Global.m */ = {isa = PBXFileReference; lastKnownFileType = sourcecode.c.objc; path = Global.m; sourceTree = "<group>"; };
		DC6DC53C23767EA600C6BE40 /* FoodApp.app */ = {isa = PBXFileReference; explicitFileType = wrapper.application; includeInIndex = 0; path = FoodApp.app; sourceTree = BUILT_PRODUCTS_DIR; };
		DC6DC53F23767EA600C6BE40 /* AppDelegate.swift */ = {isa = PBXFileReference; lastKnownFileType = sourcecode.swift; path = AppDelegate.swift; sourceTree = "<group>"; };
		DC6DC54423767EA600C6BE40 /* Base */ = {isa = PBXFileReference; lastKnownFileType = file.storyboard; name = Base; path = Base.lproj/Main.storyboard; sourceTree = "<group>"; };
		DC6DC54923767EA800C6BE40 /* Base */ = {isa = PBXFileReference; lastKnownFileType = file.storyboard; name = Base; path = Base.lproj/LaunchScreen.storyboard; sourceTree = "<group>"; };
		DC6DC54B23767EA800C6BE40 /* Info.plist */ = {isa = PBXFileReference; lastKnownFileType = text.plist.xml; path = Info.plist; sourceTree = "<group>"; };
		DC6DC55023767EA800C6BE40 /* FoodAppTests.xctest */ = {isa = PBXFileReference; explicitFileType = wrapper.cfbundle; includeInIndex = 0; path = FoodAppTests.xctest; sourceTree = BUILT_PRODUCTS_DIR; };
		DC6DC55423767EA800C6BE40 /* FoodAppTests.swift */ = {isa = PBXFileReference; lastKnownFileType = sourcecode.swift; path = FoodAppTests.swift; sourceTree = "<group>"; };
		DC6DC55623767EA800C6BE40 /* Info.plist */ = {isa = PBXFileReference; lastKnownFileType = text.plist.xml; path = Info.plist; sourceTree = "<group>"; };
		DC6DC55B23767EA800C6BE40 /* FoodAppUITests.xctest */ = {isa = PBXFileReference; explicitFileType = wrapper.cfbundle; includeInIndex = 0; path = FoodAppUITests.xctest; sourceTree = BUILT_PRODUCTS_DIR; };
		DC6DC55F23767EA800C6BE40 /* FoodAppUITests.swift */ = {isa = PBXFileReference; lastKnownFileType = sourcecode.swift; path = FoodAppUITests.swift; sourceTree = "<group>"; };
		DC6DC56123767EA800C6BE40 /* Info.plist */ = {isa = PBXFileReference; lastKnownFileType = text.plist.xml; path = Info.plist; sourceTree = "<group>"; };
		DC6DC56F2376836200C6BE40 /* Food.swift */ = {isa = PBXFileReference; lastKnownFileType = sourcecode.swift; path = Food.swift; sourceTree = "<group>"; };
		DC6DC5712376867B00C6BE40 /* FoodTableVC.swift */ = {isa = PBXFileReference; lastKnownFileType = sourcecode.swift; path = FoodTableVC.swift; sourceTree = "<group>"; };
		DC6DC57323768ADE00C6BE40 /* Assets.xcassets */ = {isa = PBXFileReference; lastKnownFileType = folder.assetcatalog; path = Assets.xcassets; sourceTree = "<group>"; };
		DC6DC57523768CF800C6BE40 /* FoodTableCell.swift */ = {isa = PBXFileReference; lastKnownFileType = sourcecode.swift; path = FoodTableCell.swift; sourceTree = "<group>"; };
		DC7620D223812D36008C2566 /* DetailDescView.xib */ = {isa = PBXFileReference; lastKnownFileType = file.xib; path = DetailDescView.xib; sourceTree = "<group>"; };
		DC7620D423812D57008C2566 /* DetailDescView.swift */ = {isa = PBXFileReference; lastKnownFileType = sourcecode.swift; path = DetailDescView.swift; sourceTree = "<group>"; };
		DCD02F2A2382519500BF8D2F /* recipe.json */ = {isa = PBXFileReference; lastKnownFileType = text.json; path = recipe.json; sourceTree = "<group>"; };
		DCD02F2C238252B800BF8D2F /* Data.swift */ = {isa = PBXFileReference; lastKnownFileType = sourcecode.swift; path = Data.swift; sourceTree = "<group>"; };
/* End PBXFileReference section */

/* Begin PBXFrameworksBuildPhase section */
		DC6DC53923767EA600C6BE40 /* Frameworks */ = {
			isa = PBXFrameworksBuildPhase;
			buildActionMask = 2147483647;
			files = (
			);
			runOnlyForDeploymentPostprocessing = 0;
		};
		DC6DC54D23767EA800C6BE40 /* Frameworks */ = {
			isa = PBXFrameworksBuildPhase;
			buildActionMask = 2147483647;
			files = (
			);
			runOnlyForDeploymentPostprocessing = 0;
		};
		DC6DC55823767EA800C6BE40 /* Frameworks */ = {
			isa = PBXFrameworksBuildPhase;
			buildActionMask = 2147483647;
			files = (
			);
			runOnlyForDeploymentPostprocessing = 0;
		};
/* End PBXFrameworksBuildPhase section */

/* Begin PBXGroup section */
		DC557A73237816F80035CD76 /* View Controller */ = {
			isa = PBXGroup;
			children = (
				DC6DC5712376867B00C6BE40 /* FoodTableVC.swift */,
				DC557A6D237811460035CD76 /* DetailVC.swift */,
			);
			path = "View Controller";
			sourceTree = "<group>";
		};
		DC557A742378170C0035CD76 /* CustomTableCell */ = {
			isa = PBXGroup;
			children = (
				DC6DC57523768CF800C6BE40 /* FoodTableCell.swift */,
			);
			path = CustomTableCell;
			sourceTree = "<group>";
		};
		DC557A752378171D0035CD76 /* CustomView */ = {
			isa = PBXGroup;
			children = (
				DC557A6F237812680035CD76 /* DetailView.xib */,
				DC557A71237812DC0035CD76 /* DetailView.swift */,
				DC7620D223812D36008C2566 /* DetailDescView.xib */,
				DC7620D423812D57008C2566 /* DetailDescView.swift */,
			);
			path = CustomView;
			sourceTree = "<group>";
		};
		DC557A762378174C0035CD76 /* Model */ = {
			isa = PBXGroup;
			children = (
				DC6DC56F2376836200C6BE40 /* Food.swift */,
			);
			path = Model;
			sourceTree = "<group>";
		};
		DC6DC53323767EA600C6BE40 = {
			isa = PBXGroup;
			children = (
				DC6DC53E23767EA600C6BE40 /* FoodApp */,
				DC6DC55323767EA800C6BE40 /* FoodAppTests */,
				DC6DC55E23767EA800C6BE40 /* FoodAppUITests */,
				DC6DC53D23767EA600C6BE40 /* Products */,
			);
			sourceTree = "<group>";
		};
		DC6DC53D23767EA600C6BE40 /* Products */ = {
			isa = PBXGroup;
			children = (
				DC6DC53C23767EA600C6BE40 /* FoodApp.app */,
				DC6DC55023767EA800C6BE40 /* FoodAppTests.xctest */,
				DC6DC55B23767EA800C6BE40 /* FoodAppUITests.xctest */,
			);
			name = Products;
			sourceTree = "<group>";
		};
		DC6DC53E23767EA600C6BE40 /* FoodApp */ = {
			isa = PBXGroup;
			children = (
				DCD02F292382516D00BF8D2F /* Resources */,
				DC557A762378174C0035CD76 /* Model */,
				DC557A752378171D0035CD76 /* CustomView */,
				DC557A742378170C0035CD76 /* CustomTableCell */,
				DC557A73237816F80035CD76 /* View Controller */,
				DC6DC57323768ADE00C6BE40 /* Assets.xcassets */,
				DC6DC53F23767EA600C6BE40 /* AppDelegate.swift */,
				DC6DC54323767EA600C6BE40 /* Main.storyboard */,
				DC6DC54823767EA800C6BE40 /* LaunchScreen.storyboard */,
				DC6DC54B23767EA800C6BE40 /* Info.plist */,
				DC557A69237806EC0035CD76 /* Recipe.xml */,
				DC557A7823781CA90035CD76 /* Global.h */,
				DC557A7923781CA90035CD76 /* Global.m */,
				DC557A7723781CA90035CD76 /* FoodApp-Bridging-Header.h */,
				DCD02F2C238252B800BF8D2F /* Data.swift */,
			);
			path = FoodApp;
			sourceTree = "<group>";
		};
		DC6DC55323767EA800C6BE40 /* FoodAppTests */ = {
			isa = PBXGroup;
			children = (
				DC6DC55423767EA800C6BE40 /* FoodAppTests.swift */,
				DC6DC55623767EA800C6BE40 /* Info.plist */,
			);
			path = FoodAppTests;
			sourceTree = "<group>";
		};
		DC6DC55E23767EA800C6BE40 /* FoodAppUITests */ = {
			isa = PBXGroup;
			children = (
				DC6DC55F23767EA800C6BE40 /* FoodAppUITests.swift */,
				DC6DC56123767EA800C6BE40 /* Info.plist */,
			);
			path = FoodAppUITests;
			sourceTree = "<group>";
		};
		DCD02F292382516D00BF8D2F /* Resources */ = {
			isa = PBXGroup;
			children = (
				DCD02F2A2382519500BF8D2F /* recipe.json */,
			);
			path = Resources;
			sourceTree = "<group>";
		};
/* End PBXGroup section */

/* Begin PBXNativeTarget section */
		DC6DC53B23767EA600C6BE40 /* FoodApp */ = {
			isa = PBXNativeTarget;
			buildConfigurationList = DC6DC56423767EA800C6BE40 /* Build configuration list for PBXNativeTarget "FoodApp" */;
			buildPhases = (
				DC6DC53823767EA600C6BE40 /* Sources */,
				DC6DC53923767EA600C6BE40 /* Frameworks */,
				DC6DC53A23767EA600C6BE40 /* Resources */,
			);
			buildRules = (
			);
			dependencies = (
			);
			name = FoodApp;
			productName = FoodApp;
			productReference = DC6DC53C23767EA600C6BE40 /* FoodApp.app */;
			productType = "com.apple.product-type.application";
		};
		DC6DC54F23767EA800C6BE40 /* FoodAppTests */ = {
			isa = PBXNativeTarget;
			buildConfigurationList = DC6DC56723767EA800C6BE40 /* Build configuration list for PBXNativeTarget "FoodAppTests" */;
			buildPhases = (
				DC6DC54C23767EA800C6BE40 /* Sources */,
				DC6DC54D23767EA800C6BE40 /* Frameworks */,
				DC6DC54E23767EA800C6BE40 /* Resources */,
			);
			buildRules = (
			);
			dependencies = (
				DC6DC55223767EA800C6BE40 /* PBXTargetDependency */,
			);
			name = FoodAppTests;
			productName = FoodAppTests;
			productReference = DC6DC55023767EA800C6BE40 /* FoodAppTests.xctest */;
			productType = "com.apple.product-type.bundle.unit-test";
		};
		DC6DC55A23767EA800C6BE40 /* FoodAppUITests */ = {
			isa = PBXNativeTarget;
			buildConfigurationList = DC6DC56A23767EA800C6BE40 /* Build configuration list for PBXNativeTarget "FoodAppUITests" */;
			buildPhases = (
				DC6DC55723767EA800C6BE40 /* Sources */,
				DC6DC55823767EA800C6BE40 /* Frameworks */,
				DC6DC55923767EA800C6BE40 /* Resources */,
			);
			buildRules = (
			);
			dependencies = (
				DC6DC55D23767EA800C6BE40 /* PBXTargetDependency */,
			);
			name = FoodAppUITests;
			productName = FoodAppUITests;
			productReference = DC6DC55B23767EA800C6BE40 /* FoodAppUITests.xctest */;
			productType = "com.apple.product-type.bundle.ui-testing";
		};
/* End PBXNativeTarget section */

/* Begin PBXProject section */
		DC6DC53423767EA600C6BE40 /* Project object */ = {
			isa = PBXProject;
			attributes = {
				LastSwiftUpdateCheck = 1010;
				LastUpgradeCheck = 1010;
				ORGANIZATIONNAME = Ashraf;
				TargetAttributes = {
					DC6DC53B23767EA600C6BE40 = {
						CreatedOnToolsVersion = 10.1;
						LastSwiftMigration = 1010;
					};
					DC6DC54F23767EA800C6BE40 = {
						CreatedOnToolsVersion = 10.1;
						TestTargetID = DC6DC53B23767EA600C6BE40;
					};
					DC6DC55A23767EA800C6BE40 = {
						CreatedOnToolsVersion = 10.1;
						TestTargetID = DC6DC53B23767EA600C6BE40;
					};
				};
			};
			buildConfigurationList = DC6DC53723767EA600C6BE40 /* Build configuration list for PBXProject "FoodApp" */;
			compatibilityVersion = "Xcode 9.3";
			developmentRegion = en;
			hasScannedForEncodings = 0;
			knownRegions = (
				en,
				Base,
			);
			mainGroup = DC6DC53323767EA600C6BE40;
			productRefGroup = DC6DC53D23767EA600C6BE40 /* Products */;
			projectDirPath = "";
			projectRoot = "";
			targets = (
				DC6DC53B23767EA600C6BE40 /* FoodApp */,
				DC6DC54F23767EA800C6BE40 /* FoodAppTests */,
				DC6DC55A23767EA800C6BE40 /* FoodAppUITests */,
			);
		};
/* End PBXProject section */

/* Begin PBXResourcesBuildPhase section */
		DC6DC53A23767EA600C6BE40 /* Resources */ = {
			isa = PBXResourcesBuildPhase;
			buildActionMask = 2147483647;
			files = (
				DC7620D323812D36008C2566 /* DetailDescView.xib in Resources */,
				DC6DC54A23767EA800C6BE40 /* LaunchScreen.storyboard in Resources */,
				DC557A6A237806EC0035CD76 /* Recipe.xml in Resources */,
				DC6DC57423768ADF00C6BE40 /* Assets.xcassets in Resources */,
				DC6DC54523767EA600C6BE40 /* Main.storyboard in Resources */,
				DCD02F2B2382519500BF8D2F /* recipe.json in Resources */,
				DC557A70237812680035CD76 /* DetailView.xib in Resources */,
			);
			runOnlyForDeploymentPostprocessing = 0;
		};
		DC6DC54E23767EA800C6BE40 /* Resources */ = {
			isa = PBXResourcesBuildPhase;
			buildActionMask = 2147483647;
			files = (
			);
			runOnlyForDeploymentPostprocessing = 0;
		};
		DC6DC55923767EA800C6BE40 /* Resources */ = {
			isa = PBXResourcesBuildPhase;
			buildActionMask = 2147483647;
			files = (
			);
			runOnlyForDeploymentPostprocessing = 0;
		};
/* End PBXResourcesBuildPhase section */

/* Begin PBXSourcesBuildPhase section */
		DC6DC53823767EA600C6BE40 /* Sources */ = {
			isa = PBXSourcesBuildPhase;
			buildActionMask = 2147483647;
			files = (
				DC557A6E237811460035CD76 /* DetailVC.swift in Sources */,
				DC557A72237812DC0035CD76 /* DetailView.swift in Sources */,
				DC6DC5722376867B00C6BE40 /* FoodTableVC.swift in Sources */,
				DC557A7A23781CA90035CD76 /* Global.m in Sources */,
				DC7620D523812D57008C2566 /* DetailDescView.swift in Sources */,
				DC6DC54023767EA600C6BE40 /* AppDelegate.swift in Sources */,
				DC6DC57623768CF800C6BE40 /* FoodTableCell.swift in Sources */,
				DCD02F2D238252B800BF8D2F /* Data.swift in Sources */,
				DC6DC5702376836200C6BE40 /* Food.swift in Sources */,
			);
			runOnlyForDeploymentPostprocessing = 0;
		};
		DC6DC54C23767EA800C6BE40 /* Sources */ = {
			isa = PBXSourcesBuildPhase;
			buildActionMask = 2147483647;
			files = (
				DC6DC55523767EA800C6BE40 /* FoodAppTests.swift in Sources */,
			);
			runOnlyForDeploymentPostprocessing = 0;
		};
		DC6DC55723767EA800C6BE40 /* Sources */ = {
			isa = PBXSourcesBuildPhase;
			buildActionMask = 2147483647;
			files = (
				DC6DC56023767EA800C6BE40 /* FoodAppUITests.swift in Sources */,
			);
			runOnlyForDeploymentPostprocessing = 0;
		};
/* End PBXSourcesBuildPhase section */

/* Begin PBXTargetDependency section */
		DC6DC55223767EA800C6BE40 /* PBXTargetDependency */ = {
			isa = PBXTargetDependency;
			target = DC6DC53B23767EA600C6BE40 /* FoodApp */;
			targetProxy = DC6DC55123767EA800C6BE40 /* PBXContainerItemProxy */;
		};
		DC6DC55D23767EA800C6BE40 /* PBXTargetDependency */ = {
			isa = PBXTargetDependency;
			target = DC6DC53B23767EA600C6BE40 /* FoodApp */;
			targetProxy = DC6DC55C23767EA800C6BE40 /* PBXContainerItemProxy */;
		};
/* End PBXTargetDependency section */

/* Begin PBXVariantGroup section */
		DC6DC54323767EA600C6BE40 /* Main.storyboard */ = {
			isa = PBXVariantGroup;
			children = (
				DC6DC54423767EA600C6BE40 /* Base */,
			);
			name = Main.storyboard;
			sourceTree = "<group>";
		};
		DC6DC54823767EA800C6BE40 /* LaunchScreen.storyboard */ = {
			isa = PBXVariantGroup;
			children = (
				DC6DC54923767EA800C6BE40 /* Base */,
			);
			name = LaunchScreen.storyboard;
			sourceTree = "<group>";
		};
/* End PBXVariantGroup section */

/* Begin XCBuildConfiguration section */
		DC6DC56223767EA800C6BE40 /* Debug */ = {
			isa = XCBuildConfiguration;
			buildSettings = {
				ALWAYS_SEARCH_USER_PATHS = NO;
				CLANG_ANALYZER_NONNULL = YES;
				CLANG_ANALYZER_NUMBER_OBJECT_CONVERSION = YES_AGGRESSIVE;
				CLANG_CXX_LANGUAGE_STANDARD = "gnu++14";
				CLANG_CXX_LIBRARY = "libc++";
				CLANG_ENABLE_MODULES = YES;
				CLANG_ENABLE_OBJC_ARC = YES;
				CLANG_ENABLE_OBJC_WEAK = YES;
				CLANG_WARN_BLOCK_CAPTURE_AUTORELEASING = YES;
				CLANG_WARN_BOOL_CONVERSION = YES;
				CLANG_WARN_COMMA = YES;
				CLANG_WARN_CONSTANT_CONVERSION = YES;
				CLANG_WARN_DEPRECATED_OBJC_IMPLEMENTATIONS = YES;
				CLANG_WARN_DIRECT_OBJC_ISA_USAGE = YES_ERROR;
				CLANG_WARN_DOCUMENTATION_COMMENTS = YES;
				CLANG_WARN_EMPTY_BODY = YES;
				CLANG_WARN_ENUM_CONVERSION = YES;
				CLANG_WARN_INFINITE_RECURSION = YES;
				CLANG_WARN_INT_CONVERSION = YES;
				CLANG_WARN_NON_LITERAL_NULL_CONVERSION = YES;
				CLANG_WARN_OBJC_IMPLICIT_RETAIN_SELF = YES;
				CLANG_WARN_OBJC_LITERAL_CONVERSION = YES;
				CLANG_WARN_OBJC_ROOT_CLASS = YES_ERROR;
				CLANG_WARN_RANGE_LOOP_ANALYSIS = YES;
				CLANG_WARN_STRICT_PROTOTYPES = YES;
				CLANG_WARN_SUSPICIOUS_MOVE = YES;
				CLANG_WARN_UNGUARDED_AVAILABILITY = YES_AGGRESSIVE;
				CLANG_WARN_UNREACHABLE_CODE = YES;
				CLANG_WARN__DUPLICATE_METHOD_MATCH = YES;
				CODE_SIGN_IDENTITY = "iPhone Developer";
				COPY_PHASE_STRIP = NO;
				DEBUG_INFORMATION_FORMAT = dwarf;
				ENABLE_STRICT_OBJC_MSGSEND = YES;
				ENABLE_TESTABILITY = YES;
				GCC_C_LANGUAGE_STANDARD = gnu11;
				GCC_DYNAMIC_NO_PIC = NO;
				GCC_NO_COMMON_BLOCKS = YES;
				GCC_OPTIMIZATION_LEVEL = 0;
				GCC_PREPROCESSOR_DEFINITIONS = (
					"DEBUG=1",
					"$(inherited)",
				);
				GCC_WARN_64_TO_32_BIT_CONVERSION = YES;
				GCC_WARN_ABOUT_RETURN_TYPE = YES_ERROR;
				GCC_WARN_UNDECLARED_SELECTOR = YES;
				GCC_WARN_UNINITIALIZED_AUTOS = YES_AGGRESSIVE;
				GCC_WARN_UNUSED_FUNCTION = YES;
				GCC_WARN_UNUSED_VARIABLE = YES;
				IPHONEOS_DEPLOYMENT_TARGET = 12.1;
				MTL_ENABLE_DEBUG_INFO = INCLUDE_SOURCE;
				MTL_FAST_MATH = YES;
				ONLY_ACTIVE_ARCH = YES;
				SDKROOT = iphoneos;
				SWIFT_ACTIVE_COMPILATION_CONDITIONS = DEBUG;
				SWIFT_OPTIMIZATION_LEVEL = "-Onone";
			};
			name = Debug;
		};
		DC6DC56323767EA800C6BE40 /* Release */ = {
			isa = XCBuildConfiguration;
			buildSettings = {
				ALWAYS_SEARCH_USER_PATHS = NO;
				CLANG_ANALYZER_NONNULL = YES;
				CLANG_ANALYZER_NUMBER_OBJECT_CONVERSION = YES_AGGRESSIVE;
				CLANG_CXX_LANGUAGE_STANDARD = "gnu++14";
				CLANG_CXX_LIBRARY = "libc++";
				CLANG_ENABLE_MODULES = YES;
				CLANG_ENABLE_OBJC_ARC = YES;
				CLANG_ENABLE_OBJC_WEAK = YES;
				CLANG_WARN_BLOCK_CAPTURE_AUTORELEASING = YES;
				CLANG_WARN_BOOL_CONVERSION = YES;
				CLANG_WARN_COMMA = YES;
				CLANG_WARN_CONSTANT_CONVERSION = YES;
				CLANG_WARN_DEPRECATED_OBJC_IMPLEMENTATIONS = YES;
				CLANG_WARN_DIRECT_OBJC_ISA_USAGE = YES_ERROR;
				CLANG_WARN_DOCUMENTATION_COMMENTS = YES;
				CLANG_WARN_EMPTY_BODY = YES;
				CLANG_WARN_ENUM_CONVERSION = YES;
				CLANG_WARN_INFINITE_RECURSION = YES;
				CLANG_WARN_INT_CONVERSION = YES;
				CLANG_WARN_NON_LITERAL_NULL_CONVERSION = YES;
				CLANG_WARN_OBJC_IMPLICIT_RETAIN_SELF = YES;
				CLANG_WARN_OBJC_LITERAL_CONVERSION = YES;
				CLANG_WARN_OBJC_ROOT_CLASS = YES_ERROR;
				CLANG_WARN_RANGE_LOOP_ANALYSIS = YES;
				CLANG_WARN_STRICT_PROTOTYPES = YES;
				CLANG_WARN_SUSPICIOUS_MOVE = YES;
				CLANG_WARN_UNGUARDED_AVAILABILITY = YES_AGGRESSIVE;
				CLANG_WARN_UNREACHABLE_CODE = YES;
				CLANG_WARN__DUPLICATE_METHOD_MATCH = YES;
				CODE_SIGN_IDENTITY = "iPhone Developer";
				COPY_PHASE_STRIP = NO;
				DEBUG_INFORMATION_FORMAT = "dwarf-with-dsym";
				ENABLE_NS_ASSERTIONS = NO;
				ENABLE_STRICT_OBJC_MSGSEND = YES;
				GCC_C_LANGUAGE_STANDARD = gnu11;
				GCC_NO_COMMON_BLOCKS = YES;
				GCC_WARN_64_TO_32_BIT_CONVERSION = YES;
				GCC_WARN_ABOUT_RETURN_TYPE = YES_ERROR;
				GCC_WARN_UNDECLARED_SELECTOR = YES;
				GCC_WARN_UNINITIALIZED_AUTOS = YES_AGGRESSIVE;
				GCC_WARN_UNUSED_FUNCTION = YES;
				GCC_WARN_UNUSED_VARIABLE = YES;
				IPHONEOS_DEPLOYMENT_TARGET = 12.1;
				MTL_ENABLE_DEBUG_INFO = NO;
				MTL_FAST_MATH = YES;
				SDKROOT = iphoneos;
				SWIFT_COMPILATION_MODE = wholemodule;
				SWIFT_OPTIMIZATION_LEVEL = "-O";
				VALIDATE_PRODUCT = YES;
			};
			name = Release;
		};
		DC6DC56523767EA800C6BE40 /* Debug */ = {
			isa = XCBuildConfiguration;
			buildSettings = {
				ASSETCATALOG_COMPILER_APPICON_NAME = AppIcon;
				CLANG_ENABLE_MODULES = YES;
				CODE_SIGN_STYLE = Automatic;
				INFOPLIST_FILE = FoodApp/Info.plist;
				LD_RUNPATH_SEARCH_PATHS = (
					"$(inherited)",
					"@executable_path/Frameworks",
				);
				PRODUCT_BUNDLE_IDENTIFIER = Foodie.FoodApp;
				PRODUCT_NAME = "$(TARGET_NAME)";
				SWIFT_OBJC_BRIDGING_HEADER = "FoodApp/FoodApp-Bridging-Header.h";
				SWIFT_OPTIMIZATION_LEVEL = "-Onone";
				SWIFT_VERSION = 4.2;
				TARGETED_DEVICE_FAMILY = "1,2";
			};
			name = Debug;
		};
		DC6DC56623767EA800C6BE40 /* Release */ = {
			isa = XCBuildConfiguration;
			buildSettings = {
				ASSETCATALOG_COMPILER_APPICON_NAME = AppIcon;
				CLANG_ENABLE_MODULES = YES;
				CODE_SIGN_STYLE = Automatic;
				INFOPLIST_FILE = FoodApp/Info.plist;
				LD_RUNPATH_SEARCH_PATHS = (
					"$(inherited)",
					"@executable_path/Frameworks",
				);
				PRODUCT_BUNDLE_IDENTIFIER = Foodie.FoodApp;
				PRODUCT_NAME = "$(TARGET_NAME)";
				SWIFT_OBJC_BRIDGING_HEADER = "FoodApp/FoodApp-Bridging-Header.h";
				SWIFT_VERSION = 4.2;
				TARGETED_DEVICE_FAMILY = "1,2";
			};
			name = Release;
		};
		DC6DC56823767EA800C6BE40 /* Debug */ = {
			isa = XCBuildConfiguration;
			buildSettings = {
				ALWAYS_EMBED_SWIFT_STANDARD_LIBRARIES = YES;
				BUNDLE_LOADER = "$(TEST_HOST)";
				CODE_SIGN_STYLE = Automatic;
				INFOPLIST_FILE = FoodAppTests/Info.plist;
				LD_RUNPATH_SEARCH_PATHS = (
					"$(inherited)",
					"@executable_path/Frameworks",
					"@loader_path/Frameworks",
				);
				PRODUCT_BUNDLE_IDENTIFIER = Foodie.FoodAppTests;
				PRODUCT_NAME = "$(TARGET_NAME)";
				SWIFT_VERSION = 4.2;
				TARGETED_DEVICE_FAMILY = "1,2";
				TEST_HOST = "$(BUILT_PRODUCTS_DIR)/FoodApp.app/FoodApp";
			};
			name = Debug;
		};
		DC6DC56923767EA800C6BE40 /* Release */ = {
			isa = XCBuildConfiguration;
			buildSettings = {
				ALWAYS_EMBED_SWIFT_STANDARD_LIBRARIES = YES;
				BUNDLE_LOADER = "$(TEST_HOST)";
				CODE_SIGN_STYLE = Automatic;
				INFOPLIST_FILE = FoodAppTests/Info.plist;
				LD_RUNPATH_SEARCH_PATHS = (
					"$(inherited)",
					"@executable_path/Frameworks",
					"@loader_path/Frameworks",
				);
				PRODUCT_BUNDLE_IDENTIFIER = Foodie.FoodAppTests;
				PRODUCT_NAME = "$(TARGET_NAME)";
				SWIFT_VERSION = 4.2;
				TARGETED_DEVICE_FAMILY = "1,2";
				TEST_HOST = "$(BUILT_PRODUCTS_DIR)/FoodApp.app/FoodApp";
			};
			name = Release;
		};
		DC6DC56B23767EA800C6BE40 /* Debug */ = {
			isa = XCBuildConfiguration;
			buildSettings = {
				ALWAYS_EMBED_SWIFT_STANDARD_LIBRARIES = YES;
				CODE_SIGN_STYLE = Automatic;
				INFOPLIST_FILE = FoodAppUITests/Info.plist;
				LD_RUNPATH_SEARCH_PATHS = (
					"$(inherited)",
					"@executable_path/Frameworks",
					"@loader_path/Frameworks",
				);
				PRODUCT_BUNDLE_IDENTIFIER = Foodie.FoodAppUITests;
				PRODUCT_NAME = "$(TARGET_NAME)";
				SWIFT_VERSION = 4.2;
				TARGETED_DEVICE_FAMILY = "1,2";
				TEST_TARGET_NAME = FoodApp;
			};
			name = Debug;
		};
		DC6DC56C23767EA800C6BE40 /* Release */ = {
			isa = XCBuildConfiguration;
			buildSettings = {
				ALWAYS_EMBED_SWIFT_STANDARD_LIBRARIES = YES;
				CODE_SIGN_STYLE = Automatic;
				INFOPLIST_FILE = FoodAppUITests/Info.plist;
				LD_RUNPATH_SEARCH_PATHS = (
					"$(inherited)",
					"@executable_path/Frameworks",
					"@loader_path/Frameworks",
				);
				PRODUCT_BUNDLE_IDENTIFIER = Foodie.FoodAppUITests;
				PRODUCT_NAME = "$(TARGET_NAME)";
				SWIFT_VERSION = 4.2;
				TARGETED_DEVICE_FAMILY = "1,2";
				TEST_TARGET_NAME = FoodApp;
			};
			name = Release;
		};
/* End XCBuildConfiguration section */

/* Begin XCConfigurationList section */
		DC6DC53723767EA600C6BE40 /* Build configuration list for PBXProject "FoodApp" */ = {
			isa = XCConfigurationList;
			buildConfigurations = (
				DC6DC56223767EA800C6BE40 /* Debug */,
				DC6DC56323767EA800C6BE40 /* Release */,
			);
			defaultConfigurationIsVisible = 0;
			defaultConfigurationName = Release;
		};
		DC6DC56423767EA800C6BE40 /* Build configuration list for PBXNativeTarget "FoodApp" */ = {
			isa = XCConfigurationList;
			buildConfigurations = (
				DC6DC56523767EA800C6BE40 /* Debug */,
				DC6DC56623767EA800C6BE40 /* Release */,
			);
			defaultConfigurationIsVisible = 0;
			defaultConfigurationName = Release;
		};
		DC6DC56723767EA800C6BE40 /* Build configuration list for PBXNativeTarget "FoodAppTests" */ = {
			isa = XCConfigurationList;
			buildConfigurations = (
				DC6DC56823767EA800C6BE40 /* Debug */,
				DC6DC56923767EA800C6BE40 /* Release */,
			);
			defaultConfigurationIsVisible = 0;
			defaultConfigurationName = Release;
		};
		DC6DC56A23767EA800C6BE40 /* Build configuration list for PBXNativeTarget "FoodAppUITests" */ = {
			isa = XCConfigurationList;
			buildConfigurations = (
				DC6DC56B23767EA800C6BE40 /* Debug */,
				DC6DC56C23767EA800C6BE40 /* Release */,
			);
			defaultConfigurationIsVisible = 0;
			defaultConfigurationName = Release;
		};
/* End XCConfigurationList section */
	};
	rootObject = DC6DC53423767EA600C6BE40 /* Project object */;
}
